// !$*UTF8*$!
{
	archiveVersion = 1;
	classes = {
	};
	objectVersion = 56;
	objects = {

/* Begin PBXBuildFile section */
		C7130D3D2A0BDF5B00A154E5 /* FireBaseViewModel.swift in Sources */ = {isa = PBXBuildFile; fileRef = C7130D3C2A0BDF5B00A154E5 /* FireBaseViewModel.swift */; };
		C7130D3F2A0D0D9E00A154E5 /* RegisterViewModel.swift in Sources */ = {isa = PBXBuildFile; fileRef = C7130D3E2A0D0D9E00A154E5 /* RegisterViewModel.swift */; };
		C74B4CF42A00FBD9004B17E8 /* QuizCreationView.swift in Sources */ = {isa = PBXBuildFile; fileRef = C74B4CF32A00FBD9004B17E8 /* QuizCreationView.swift */; };
		C74B4CFA2A010AB8004B17E8 /* ModelQuiz.xcdatamodeld in Sources */ = {isa = PBXBuildFile; fileRef = C74B4CF82A010AB8004B17E8 /* ModelQuiz.xcdatamodeld */; };
		C74B4CFC2A0243BF004B17E8 /* GoogleService-Info.plist in Resources */ = {isa = PBXBuildFile; fileRef = C74B4CFB2A0243BF004B17E8 /* GoogleService-Info.plist */; };
		C74B4CFF2A024584004B17E8 /* FirebaseAuth in Frameworks */ = {isa = PBXBuildFile; productRef = C74B4CFE2A024584004B17E8 /* FirebaseAuth */; };
		C74B4D012A024584004B17E8 /* FirebaseDatabase in Frameworks */ = {isa = PBXBuildFile; productRef = C74B4D002A024584004B17E8 /* FirebaseDatabase */; };
		C74B4D032A024584004B17E8 /* FirebaseFirestore in Frameworks */ = {isa = PBXBuildFile; productRef = C74B4D022A024584004B17E8 /* FirebaseFirestore */; };
		C74B4D052A024584004B17E8 /* FirebaseStorage in Frameworks */ = {isa = PBXBuildFile; productRef = C74B4D042A024584004B17E8 /* FirebaseStorage */; };
		C74B4D072A03A724004B17E8 /* CardDetailView.swift in Sources */ = {isa = PBXBuildFile; fileRef = C74B4D062A03A724004B17E8 /* CardDetailView.swift */; };
		C78E2E4529DCDC3300E21862 /* CardsToLearnApp.swift in Sources */ = {isa = PBXBuildFile; fileRef = C78E2E4429DCDC3300E21862 /* CardsToLearnApp.swift */; };
		C78E2E4729DCDC3300E21862 /* ContentView.swift in Sources */ = {isa = PBXBuildFile; fileRef = C78E2E4629DCDC3300E21862 /* ContentView.swift */; };
		C78E2E4929DCDC3500E21862 /* Assets.xcassets in Resources */ = {isa = PBXBuildFile; fileRef = C78E2E4829DCDC3500E21862 /* Assets.xcassets */; };
		C78E2E4C29DCDC3500E21862 /* Preview Assets.xcassets in Resources */ = {isa = PBXBuildFile; fileRef = C78E2E4B29DCDC3500E21862 /* Preview Assets.xcassets */; };
		C78E2E5629DCDC3500E21862 /* CardsToLearnTests.swift in Sources */ = {isa = PBXBuildFile; fileRef = C78E2E5529DCDC3500E21862 /* CardsToLearnTests.swift */; };
		C78E2E6029DCDC3500E21862 /* CardsToLearnUITests.swift in Sources */ = {isa = PBXBuildFile; fileRef = C78E2E5F29DCDC3500E21862 /* CardsToLearnUITests.swift */; };
		C78E2E6229DCDC3500E21862 /* CardsToLearnUITestsLaunchTests.swift in Sources */ = {isa = PBXBuildFile; fileRef = C78E2E6129DCDC3500E21862 /* CardsToLearnUITestsLaunchTests.swift */; };
		C78E2E7029DCDC8600E21862 /* FlashCard.xcdatamodeld in Sources */ = {isa = PBXBuildFile; fileRef = C78E2E6E29DCDC8600E21862 /* FlashCard.xcdatamodeld */; };
		C78E2E7229DCDCD700E21862 /* CardViewModel.swift in Sources */ = {isa = PBXBuildFile; fileRef = C78E2E7129DCDCD700E21862 /* CardViewModel.swift */; };
		C78E2E7429DCDE7400E21862 /* CardCreateView.swift in Sources */ = {isa = PBXBuildFile; fileRef = C78E2E7329DCDE7400E21862 /* CardCreateView.swift */; };
		C78E2E7629DCDF7600E21862 /* CardListView.swift in Sources */ = {isa = PBXBuildFile; fileRef = C78E2E7529DCDF7600E21862 /* CardListView.swift */; };
		C78E2E7E29DE357700E21862 /* QuizViewModel.swift in Sources */ = {isa = PBXBuildFile; fileRef = C78E2E7D29DE357700E21862 /* QuizViewModel.swift */; };
		C78E2F2F29FAC1D400E21862 /* Question+CoreDataClass.swift in Sources */ = {isa = PBXBuildFile; fileRef = C78E2F2D29FAC1D400E21862 /* Question+CoreDataClass.swift */; };
		C78E2F3429FAC4D200E21862 /* QuizView.swift in Sources */ = {isa = PBXBuildFile; fileRef = C78E2F3329FAC4D100E21862 /* QuizView.swift */; };
		C78E2F3629FBAEB100E21862 /* RegisterView.swift in Sources */ = {isa = PBXBuildFile; fileRef = C78E2F3529FBAEB100E21862 /* RegisterView.swift */; };
		C78E2F3929FBAEC600E21862 /* Register.xcdatamodeld in Sources */ = {isa = PBXBuildFile; fileRef = C78E2F3729FBAEC600E21862 /* Register.xcdatamodeld */; };
		C78E2F3B29FBB3B300E21862 /* SplashScreenView.swift in Sources */ = {isa = PBXBuildFile; fileRef = C78E2F3A29FBB3B300E21862 /* SplashScreenView.swift */; };
		C7C3EF2D2A03E60D00298F17 /* ProfilView.swift in Sources */ = {isa = PBXBuildFile; fileRef = C7C3EF2C2A03E60D00298F17 /* ProfilView.swift */; };
		C7C3EF342A03E68300298F17 /* QuizDetailView.swift in Sources */ = {isa = PBXBuildFile; fileRef = C7C3EF332A03E68300298F17 /* QuizDetailView.swift */; };
		C7C3EF362A03E6B400298F17 /* QuizCreateCollectionView.swift in Sources */ = {isa = PBXBuildFile; fileRef = C7C3EF352A03E6B400298F17 /* QuizCreateCollectionView.swift */; };
		C7C3EF382A03E6F500298F17 /* QuizSelectionView.swift in Sources */ = {isa = PBXBuildFile; fileRef = C7C3EF372A03E6F500298F17 /* QuizSelectionView.swift */; };
		C7C3EF3A2A03E74900298F17 /* CategoryHeaderView.swift in Sources */ = {isa = PBXBuildFile; fileRef = C7C3EF392A03E74900298F17 /* CategoryHeaderView.swift */; };
		C7C3EF3C2A03E76500298F17 /* ShimmeringText.swift in Sources */ = {isa = PBXBuildFile; fileRef = C7C3EF3B2A03E76500298F17 /* ShimmeringText.swift */; };
		C7C3EF3E2A03E7D700298F17 /* WelcomeScreen.swift in Sources */ = {isa = PBXBuildFile; fileRef = C7C3EF3D2A03E7D700298F17 /* WelcomeScreen.swift */; };
		C7C3EF422A04EF6400298F17 /* LogInView.swift in Sources */ = {isa = PBXBuildFile; fileRef = C7C3EF412A04EF6400298F17 /* LogInView.swift */; };
		C7C3EF442A05186200298F17 /* QuizGameView.swift in Sources */ = {isa = PBXBuildFile; fileRef = C7C3EF432A05186200298F17 /* QuizGameView.swift */; };
		C7C3EF462A05188600298F17 /* ResultsView.swift in Sources */ = {isa = PBXBuildFile; fileRef = C7C3EF452A05188600298F17 /* ResultsView.swift */; };
		C7C3EF482A092FAC00298F17 /* QuizSettingsView.swift in Sources */ = {isa = PBXBuildFile; fileRef = C7C3EF472A092FAC00298F17 /* QuizSettingsView.swift */; };
/* End PBXBuildFile section */

/* Begin PBXContainerItemProxy section */
		C78E2E5229DCDC3500E21862 /* PBXContainerItemProxy */ = {
			isa = PBXContainerItemProxy;
			containerPortal = C78E2E3929DCDC3300E21862 /* Project object */;
			proxyType = 1;
			remoteGlobalIDString = C78E2E4029DCDC3300E21862;
			remoteInfo = CardsToLearn;
		};
		C78E2E5C29DCDC3500E21862 /* PBXContainerItemProxy */ = {
			isa = PBXContainerItemProxy;
			containerPortal = C78E2E3929DCDC3300E21862 /* Project object */;
			proxyType = 1;
			remoteGlobalIDString = C78E2E4029DCDC3300E21862;
			remoteInfo = CardsToLearn;
		};
/* End PBXContainerItemProxy section */

/* Begin PBXFileReference section */
		C7130D3C2A0BDF5B00A154E5 /* FireBaseViewModel.swift */ = {isa = PBXFileReference; lastKnownFileType = sourcecode.swift; path = FireBaseViewModel.swift; sourceTree = "<group>"; };
		C7130D3E2A0D0D9E00A154E5 /* RegisterViewModel.swift */ = {isa = PBXFileReference; lastKnownFileType = sourcecode.swift; path = RegisterViewModel.swift; sourceTree = "<group>"; };
		C74B4CF32A00FBD9004B17E8 /* QuizCreationView.swift */ = {isa = PBXFileReference; lastKnownFileType = sourcecode.swift; path = QuizCreationView.swift; sourceTree = "<group>"; };
		C74B4CF92A010AB8004B17E8 /* ModelQuiz.xcdatamodel */ = {isa = PBXFileReference; lastKnownFileType = wrapper.xcdatamodel; path = ModelQuiz.xcdatamodel; sourceTree = "<group>"; };
		C74B4CFB2A0243BF004B17E8 /* GoogleService-Info.plist */ = {isa = PBXFileReference; fileEncoding = 4; lastKnownFileType = text.plist.xml; path = "GoogleService-Info.plist"; sourceTree = "<group>"; };
		C74B4D062A03A724004B17E8 /* CardDetailView.swift */ = {isa = PBXFileReference; lastKnownFileType = sourcecode.swift; path = CardDetailView.swift; sourceTree = "<group>"; };
		C78E2E4129DCDC3300E21862 /* CardsToLearn.app */ = {isa = PBXFileReference; explicitFileType = wrapper.application; includeInIndex = 0; path = CardsToLearn.app; sourceTree = BUILT_PRODUCTS_DIR; };
		C78E2E4429DCDC3300E21862 /* CardsToLearnApp.swift */ = {isa = PBXFileReference; lastKnownFileType = sourcecode.swift; path = CardsToLearnApp.swift; sourceTree = "<group>"; };
		C78E2E4629DCDC3300E21862 /* ContentView.swift */ = {isa = PBXFileReference; lastKnownFileType = sourcecode.swift; path = ContentView.swift; sourceTree = "<group>"; };
		C78E2E4829DCDC3500E21862 /* Assets.xcassets */ = {isa = PBXFileReference; lastKnownFileType = folder.assetcatalog; path = Assets.xcassets; sourceTree = "<group>"; };
		C78E2E4B29DCDC3500E21862 /* Preview Assets.xcassets */ = {isa = PBXFileReference; lastKnownFileType = folder.assetcatalog; path = "Preview Assets.xcassets"; sourceTree = "<group>"; };
		C78E2E5129DCDC3500E21862 /* CardsToLearnTests.xctest */ = {isa = PBXFileReference; explicitFileType = wrapper.cfbundle; includeInIndex = 0; path = CardsToLearnTests.xctest; sourceTree = BUILT_PRODUCTS_DIR; };
		C78E2E5529DCDC3500E21862 /* CardsToLearnTests.swift */ = {isa = PBXFileReference; lastKnownFileType = sourcecode.swift; path = CardsToLearnTests.swift; sourceTree = "<group>"; };
		C78E2E5B29DCDC3500E21862 /* CardsToLearnUITests.xctest */ = {isa = PBXFileReference; explicitFileType = wrapper.cfbundle; includeInIndex = 0; path = CardsToLearnUITests.xctest; sourceTree = BUILT_PRODUCTS_DIR; };
		C78E2E5F29DCDC3500E21862 /* CardsToLearnUITests.swift */ = {isa = PBXFileReference; lastKnownFileType = sourcecode.swift; path = CardsToLearnUITests.swift; sourceTree = "<group>"; };
		C78E2E6129DCDC3500E21862 /* CardsToLearnUITestsLaunchTests.swift */ = {isa = PBXFileReference; lastKnownFileType = sourcecode.swift; path = CardsToLearnUITestsLaunchTests.swift; sourceTree = "<group>"; };
		C78E2E6F29DCDC8600E21862 /* FlashCard.xcdatamodel */ = {isa = PBXFileReference; lastKnownFileType = wrapper.xcdatamodel; path = FlashCard.xcdatamodel; sourceTree = "<group>"; };
		C78E2E7129DCDCD700E21862 /* CardViewModel.swift */ = {isa = PBXFileReference; lastKnownFileType = sourcecode.swift; path = CardViewModel.swift; sourceTree = "<group>"; };
		C78E2E7329DCDE7400E21862 /* CardCreateView.swift */ = {isa = PBXFileReference; lastKnownFileType = sourcecode.swift; path = CardCreateView.swift; sourceTree = "<group>"; };
		C78E2E7529DCDF7600E21862 /* CardListView.swift */ = {isa = PBXFileReference; lastKnownFileType = sourcecode.swift; path = CardListView.swift; sourceTree = "<group>"; };
		C78E2E7D29DE357700E21862 /* QuizViewModel.swift */ = {isa = PBXFileReference; lastKnownFileType = sourcecode.swift; path = QuizViewModel.swift; sourceTree = "<group>"; };
		C78E2F2D29FAC1D400E21862 /* Question+CoreDataClass.swift */ = {isa = PBXFileReference; lastKnownFileType = sourcecode.swift; path = "Question+CoreDataClass.swift"; sourceTree = "<group>"; };
		C78E2F3329FAC4D100E21862 /* QuizView.swift */ = {isa = PBXFileReference; lastKnownFileType = sourcecode.swift; path = QuizView.swift; sourceTree = "<group>"; };
		C78E2F3529FBAEB100E21862 /* RegisterView.swift */ = {isa = PBXFileReference; lastKnownFileType = sourcecode.swift; path = RegisterView.swift; sourceTree = "<group>"; };
		C78E2F3829FBAEC600E21862 /* Register.xcdatamodel */ = {isa = PBXFileReference; lastKnownFileType = wrapper.xcdatamodel; path = Register.xcdatamodel; sourceTree = "<group>"; };
		C78E2F3A29FBB3B300E21862 /* SplashScreenView.swift */ = {isa = PBXFileReference; lastKnownFileType = sourcecode.swift; path = SplashScreenView.swift; sourceTree = "<group>"; };
		C7C3EF2C2A03E60D00298F17 /* ProfilView.swift */ = {isa = PBXFileReference; lastKnownFileType = sourcecode.swift; path = ProfilView.swift; sourceTree = "<group>"; };
		C7C3EF332A03E68300298F17 /* QuizDetailView.swift */ = {isa = PBXFileReference; lastKnownFileType = sourcecode.swift; path = QuizDetailView.swift; sourceTree = "<group>"; };
		C7C3EF352A03E6B400298F17 /* QuizCreateCollectionView.swift */ = {isa = PBXFileReference; lastKnownFileType = sourcecode.swift; path = QuizCreateCollectionView.swift; sourceTree = "<group>"; };
		C7C3EF372A03E6F500298F17 /* QuizSelectionView.swift */ = {isa = PBXFileReference; lastKnownFileType = sourcecode.swift; path = QuizSelectionView.swift; sourceTree = "<group>"; };
		C7C3EF392A03E74900298F17 /* CategoryHeaderView.swift */ = {isa = PBXFileReference; lastKnownFileType = sourcecode.swift; path = CategoryHeaderView.swift; sourceTree = "<group>"; };
		C7C3EF3B2A03E76500298F17 /* ShimmeringText.swift */ = {isa = PBXFileReference; lastKnownFileType = sourcecode.swift; path = ShimmeringText.swift; sourceTree = "<group>"; };
		C7C3EF3D2A03E7D700298F17 /* WelcomeScreen.swift */ = {isa = PBXFileReference; lastKnownFileType = sourcecode.swift; path = WelcomeScreen.swift; sourceTree = "<group>"; };
		C7C3EF412A04EF6400298F17 /* LogInView.swift */ = {isa = PBXFileReference; lastKnownFileType = sourcecode.swift; path = LogInView.swift; sourceTree = "<group>"; };
		C7C3EF432A05186200298F17 /* QuizGameView.swift */ = {isa = PBXFileReference; lastKnownFileType = sourcecode.swift; path = QuizGameView.swift; sourceTree = "<group>"; };
		C7C3EF452A05188600298F17 /* ResultsView.swift */ = {isa = PBXFileReference; lastKnownFileType = sourcecode.swift; path = ResultsView.swift; sourceTree = "<group>"; };
		C7C3EF472A092FAC00298F17 /* QuizSettingsView.swift */ = {isa = PBXFileReference; lastKnownFileType = sourcecode.swift; path = QuizSettingsView.swift; sourceTree = "<group>"; };
/* End PBXFileReference section */

/* Begin PBXFrameworksBuildPhase section */
		C78E2E3E29DCDC3300E21862 /* Frameworks */ = {
			isa = PBXFrameworksBuildPhase;
			buildActionMask = 2147483647;
			files = (
				C74B4D012A024584004B17E8 /* FirebaseDatabase in Frameworks */,
				C74B4D052A024584004B17E8 /* FirebaseStorage in Frameworks */,
				C74B4CFF2A024584004B17E8 /* FirebaseAuth in Frameworks */,
				C74B4D032A024584004B17E8 /* FirebaseFirestore in Frameworks */,
			);
			runOnlyForDeploymentPostprocessing = 0;
		};
		C78E2E4E29DCDC3500E21862 /* Frameworks */ = {
			isa = PBXFrameworksBuildPhase;
			buildActionMask = 2147483647;
			files = (
			);
			runOnlyForDeploymentPostprocessing = 0;
		};
		C78E2E5829DCDC3500E21862 /* Frameworks */ = {
			isa = PBXFrameworksBuildPhase;
			buildActionMask = 2147483647;
			files = (
			);
			runOnlyForDeploymentPostprocessing = 0;
		};
/* End PBXFrameworksBuildPhase section */

/* Begin PBXGroup section */
		C78E2E3829DCDC3300E21862 = {
			isa = PBXGroup;
			children = (
				C78E2F2D29FAC1D400E21862 /* Question+CoreDataClass.swift */,
				C74B4CFB2A0243BF004B17E8 /* GoogleService-Info.plist */,
				C78E2E4329DCDC3300E21862 /* CardsToLearn */,
				C78E2E5429DCDC3500E21862 /* CardsToLearnTests */,
				C78E2E5E29DCDC3500E21862 /* CardsToLearnUITests */,
				C78E2E4229DCDC3300E21862 /* Products */,
			);
			sourceTree = "<group>";
		};
		C78E2E4229DCDC3300E21862 /* Products */ = {
			isa = PBXGroup;
			children = (
				C78E2E4129DCDC3300E21862 /* CardsToLearn.app */,
				C78E2E5129DCDC3500E21862 /* CardsToLearnTests.xctest */,
				C78E2E5B29DCDC3500E21862 /* CardsToLearnUITests.xctest */,
			);
			name = Products;
			sourceTree = "<group>";
		};
		C78E2E4329DCDC3300E21862 /* CardsToLearn */ = {
			isa = PBXGroup;
			children = (
				C78E2E4429DCDC3300E21862 /* CardsToLearnApp.swift */,
				C78E2E4629DCDC3300E21862 /* ContentView.swift */,
				C78E2F2829FABF6300E21862 /* View */,
				C78E2F2929FABF7300E21862 /* ViewModel */,
				C78E2F2729FABF5600E21862 /* DataModel */,
				C78E2E4829DCDC3500E21862 /* Assets.xcassets */,
				C78E2E4A29DCDC3500E21862 /* Preview Content */,
			);
			path = CardsToLearn;
			sourceTree = "<group>";
		};
		C78E2E4A29DCDC3500E21862 /* Preview Content */ = {
			isa = PBXGroup;
			children = (
				C78E2E4B29DCDC3500E21862 /* Preview Assets.xcassets */,
			);
			path = "Preview Content";
			sourceTree = "<group>";
		};
		C78E2E5429DCDC3500E21862 /* CardsToLearnTests */ = {
			isa = PBXGroup;
			children = (
				C78E2E5529DCDC3500E21862 /* CardsToLearnTests.swift */,
			);
			path = CardsToLearnTests;
			sourceTree = "<group>";
		};
		C78E2E5E29DCDC3500E21862 /* CardsToLearnUITests */ = {
			isa = PBXGroup;
			children = (
				C78E2E5F29DCDC3500E21862 /* CardsToLearnUITests.swift */,
				C78E2E6129DCDC3500E21862 /* CardsToLearnUITestsLaunchTests.swift */,
			);
			path = CardsToLearnUITests;
			sourceTree = "<group>";
		};
		C78E2F2729FABF5600E21862 /* DataModel */ = {
			isa = PBXGroup;
			children = (
				C78E2E6E29DCDC8600E21862 /* FlashCard.xcdatamodeld */,
				C78E2F3729FBAEC600E21862 /* Register.xcdatamodeld */,
				C74B4CF82A010AB8004B17E8 /* ModelQuiz.xcdatamodeld */,
			);
			path = DataModel;
			sourceTree = "<group>";
		};
		C78E2F2829FABF6300E21862 /* View */ = {
			isa = PBXGroup;
			children = (
				C7C3EF2F2A03E63300298F17 /* LoginSignUp */,
				C7C3EF2E2A03E61F00298F17 /* Cards */,
				C7C3EF302A03E65000298F17 /* Screens */,
				C7C3EF312A03E65B00298F17 /* Quiz */,
			);
			path = View;
			sourceTree = "<group>";
		};
		C78E2F2929FABF7300E21862 /* ViewModel */ = {
			isa = PBXGroup;
			children = (
				C78E2E7129DCDCD700E21862 /* CardViewModel.swift */,
				C7130D3E2A0D0D9E00A154E5 /* RegisterViewModel.swift */,
				C78E2E7D29DE357700E21862 /* QuizViewModel.swift */,
				C7130D3C2A0BDF5B00A154E5 /* FireBaseViewModel.swift */,
			);
			path = ViewModel;
			sourceTree = "<group>";
		};
		C7C3EF2E2A03E61F00298F17 /* Cards */ = {
			isa = PBXGroup;
			children = (
				C78E2E7329DCDE7400E21862 /* CardCreateView.swift */,
				C74B4D062A03A724004B17E8 /* CardDetailView.swift */,
				C78E2E7529DCDF7600E21862 /* CardListView.swift */,
				C7C3EF392A03E74900298F17 /* CategoryHeaderView.swift */,
			);
			path = Cards;
			sourceTree = "<group>";
		};
		C7C3EF2F2A03E63300298F17 /* LoginSignUp */ = {
			isa = PBXGroup;
			children = (
				C7C3EF2C2A03E60D00298F17 /* ProfilView.swift */,
				C78E2F3529FBAEB100E21862 /* RegisterView.swift */,
				C7C3EF412A04EF6400298F17 /* LogInView.swift */,
			);
			path = LoginSignUp;
			sourceTree = "<group>";
		};
		C7C3EF302A03E65000298F17 /* Screens */ = {
			isa = PBXGroup;
			children = (
				C78E2F3A29FBB3B300E21862 /* SplashScreenView.swift */,
				C7C3EF3B2A03E76500298F17 /* ShimmeringText.swift */,
				C7C3EF3D2A03E7D700298F17 /* WelcomeScreen.swift */,
			);
			path = Screens;
			sourceTree = "<group>";
		};
		C7C3EF312A03E65B00298F17 /* Quiz */ = {
			isa = PBXGroup;
			children = (
				C74B4CF32A00FBD9004B17E8 /* QuizCreationView.swift */,
				C78E2F3329FAC4D100E21862 /* QuizView.swift */,
				C7C3EF352A03E6B400298F17 /* QuizCreateCollectionView.swift */,
				C7C3EF332A03E68300298F17 /* QuizDetailView.swift */,
				C7C3EF472A092FAC00298F17 /* QuizSettingsView.swift */,
				C7C3EF432A05186200298F17 /* QuizGameView.swift */,
				C7C3EF452A05188600298F17 /* ResultsView.swift */,
				C7C3EF372A03E6F500298F17 /* QuizSelectionView.swift */,
			);
			path = Quiz;
			sourceTree = "<group>";
		};
/* End PBXGroup section */

/* Begin PBXNativeTarget section */
		C78E2E4029DCDC3300E21862 /* CardsToLearn */ = {
			isa = PBXNativeTarget;
			buildConfigurationList = C78E2E6529DCDC3500E21862 /* Build configuration list for PBXNativeTarget "CardsToLearn" */;
			buildPhases = (
				C78E2E3D29DCDC3300E21862 /* Sources */,
				C78E2E3E29DCDC3300E21862 /* Frameworks */,
				C78E2E3F29DCDC3300E21862 /* Resources */,
			);
			buildRules = (
			);
			dependencies = (
			);
			name = CardsToLearn;
			packageProductDependencies = (
				C74B4CFE2A024584004B17E8 /* FirebaseAuth */,
				C74B4D002A024584004B17E8 /* FirebaseDatabase */,
				C74B4D022A024584004B17E8 /* FirebaseFirestore */,
				C74B4D042A024584004B17E8 /* FirebaseStorage */,
			);
			productName = CardsToLearn;
			productReference = C78E2E4129DCDC3300E21862 /* CardsToLearn.app */;
			productType = "com.apple.product-type.application";
		};
		C78E2E5029DCDC3500E21862 /* CardsToLearnTests */ = {
			isa = PBXNativeTarget;
			buildConfigurationList = C78E2E6829DCDC3500E21862 /* Build configuration list for PBXNativeTarget "CardsToLearnTests" */;
			buildPhases = (
				C78E2E4D29DCDC3500E21862 /* Sources */,
				C78E2E4E29DCDC3500E21862 /* Frameworks */,
				C78E2E4F29DCDC3500E21862 /* Resources */,
			);
			buildRules = (
			);
			dependencies = (
				C78E2E5329DCDC3500E21862 /* PBXTargetDependency */,
			);
			name = CardsToLearnTests;
			productName = CardsToLearnTests;
			productReference = C78E2E5129DCDC3500E21862 /* CardsToLearnTests.xctest */;
			productType = "com.apple.product-type.bundle.unit-test";
		};
		C78E2E5A29DCDC3500E21862 /* CardsToLearnUITests */ = {
			isa = PBXNativeTarget;
			buildConfigurationList = C78E2E6B29DCDC3500E21862 /* Build configuration list for PBXNativeTarget "CardsToLearnUITests" */;
			buildPhases = (
				C78E2E5729DCDC3500E21862 /* Sources */,
				C78E2E5829DCDC3500E21862 /* Frameworks */,
				C78E2E5929DCDC3500E21862 /* Resources */,
			);
			buildRules = (
			);
			dependencies = (
				C78E2E5D29DCDC3500E21862 /* PBXTargetDependency */,
			);
			name = CardsToLearnUITests;
			productName = CardsToLearnUITests;
			productReference = C78E2E5B29DCDC3500E21862 /* CardsToLearnUITests.xctest */;
			productType = "com.apple.product-type.bundle.ui-testing";
		};
/* End PBXNativeTarget section */

/* Begin PBXProject section */
		C78E2E3929DCDC3300E21862 /* Project object */ = {
			isa = PBXProject;
			attributes = {
				BuildIndependentTargetsInParallel = 1;
				LastSwiftUpdateCheck = 1430;
				LastUpgradeCheck = 1430;
				TargetAttributes = {
					C78E2E4029DCDC3300E21862 = {
						CreatedOnToolsVersion = 14.3;
					};
					C78E2E5029DCDC3500E21862 = {
						CreatedOnToolsVersion = 14.3;
						TestTargetID = C78E2E4029DCDC3300E21862;
					};
					C78E2E5A29DCDC3500E21862 = {
						CreatedOnToolsVersion = 14.3;
						TestTargetID = C78E2E4029DCDC3300E21862;
					};
				};
			};
			buildConfigurationList = C78E2E3C29DCDC3300E21862 /* Build configuration list for PBXProject "CardsToLearn" */;
			compatibilityVersion = "Xcode 14.0";
			developmentRegion = en;
			hasScannedForEncodings = 0;
			knownRegions = (
				en,
				Base,
			);
			mainGroup = C78E2E3829DCDC3300E21862;
			packageReferences = (
				C74B4CFD2A024584004B17E8 /* XCRemoteSwiftPackageReference "firebase-ios-sdk" */,
			);
			productRefGroup = C78E2E4229DCDC3300E21862 /* Products */;
			projectDirPath = "";
			projectRoot = "";
			targets = (
				C78E2E4029DCDC3300E21862 /* CardsToLearn */,
				C78E2E5029DCDC3500E21862 /* CardsToLearnTests */,
				C78E2E5A29DCDC3500E21862 /* CardsToLearnUITests */,
			);
		};
/* End PBXProject section */

/* Begin PBXResourcesBuildPhase section */
		C78E2E3F29DCDC3300E21862 /* Resources */ = {
			isa = PBXResourcesBuildPhase;
			buildActionMask = 2147483647;
			files = (
				C78E2E4C29DCDC3500E21862 /* Preview Assets.xcassets in Resources */,
				C78E2E4929DCDC3500E21862 /* Assets.xcassets in Resources */,
				C74B4CFC2A0243BF004B17E8 /* GoogleService-Info.plist in Resources */,
			);
			runOnlyForDeploymentPostprocessing = 0;
		};
		C78E2E4F29DCDC3500E21862 /* Resources */ = {
			isa = PBXResourcesBuildPhase;
			buildActionMask = 2147483647;
			files = (
			);
			runOnlyForDeploymentPostprocessing = 0;
		};
		C78E2E5929DCDC3500E21862 /* Resources */ = {
			isa = PBXResourcesBuildPhase;
			buildActionMask = 2147483647;
			files = (
			);
			runOnlyForDeploymentPostprocessing = 0;
		};
/* End PBXResourcesBuildPhase section */

/* Begin PBXSourcesBuildPhase section */
		C78E2E3D29DCDC3300E21862 /* Sources */ = {
			isa = PBXSourcesBuildPhase;
			buildActionMask = 2147483647;
			files = (
				C78E2E7229DCDCD700E21862 /* CardViewModel.swift in Sources */,
				C7C3EF3A2A03E74900298F17 /* CategoryHeaderView.swift in Sources */,
				C78E2F3629FBAEB100E21862 /* RegisterView.swift in Sources */,
				C7C3EF442A05186200298F17 /* QuizGameView.swift in Sources */,
				C7C3EF482A092FAC00298F17 /* QuizSettingsView.swift in Sources */,
				C7C3EF2D2A03E60D00298F17 /* ProfilView.swift in Sources */,
				C74B4CF42A00FBD9004B17E8 /* QuizCreationView.swift in Sources */,
				C7C3EF382A03E6F500298F17 /* QuizSelectionView.swift in Sources */,
				C78E2E7429DCDE7400E21862 /* CardCreateView.swift in Sources */,
				C7C3EF462A05188600298F17 /* ResultsView.swift in Sources */,
				C7C3EF362A03E6B400298F17 /* QuizCreateCollectionView.swift in Sources */,
				C78E2F3429FAC4D200E21862 /* QuizView.swift in Sources */,
				C7C3EF422A04EF6400298F17 /* LogInView.swift in Sources */,
				C78E2E4729DCDC3300E21862 /* ContentView.swift in Sources */,
				C78E2E7E29DE357700E21862 /* QuizViewModel.swift in Sources */,
				C78E2E7029DCDC8600E21862 /* FlashCard.xcdatamodeld in Sources */,
				C78E2E7629DCDF7600E21862 /* CardListView.swift in Sources */,
				C78E2F3929FBAEC600E21862 /* Register.xcdatamodeld in Sources */,
				C7130D3D2A0BDF5B00A154E5 /* FireBaseViewModel.swift in Sources */,
				C7C3EF3C2A03E76500298F17 /* ShimmeringText.swift in Sources */,
				C78E2E4529DCDC3300E21862 /* CardsToLearnApp.swift in Sources */,
				C7C3EF342A03E68300298F17 /* QuizDetailView.swift in Sources */,
				C78E2F2F29FAC1D400E21862 /* Question+CoreDataClass.swift in Sources */,
				C7130D3F2A0D0D9E00A154E5 /* RegisterViewModel.swift in Sources */,
				C7C3EF3E2A03E7D700298F17 /* WelcomeScreen.swift in Sources */,
				C74B4D072A03A724004B17E8 /* CardDetailView.swift in Sources */,
				C74B4CFA2A010AB8004B17E8 /* ModelQuiz.xcdatamodeld in Sources */,
				C78E2F3B29FBB3B300E21862 /* SplashScreenView.swift in Sources */,
			);
			runOnlyForDeploymentPostprocessing = 0;
		};
		C78E2E4D29DCDC3500E21862 /* Sources */ = {
			isa = PBXSourcesBuildPhase;
			buildActionMask = 2147483647;
			files = (
				C78E2E5629DCDC3500E21862 /* CardsToLearnTests.swift in Sources */,
			);
			runOnlyForDeploymentPostprocessing = 0;
		};
		C78E2E5729DCDC3500E21862 /* Sources */ = {
			isa = PBXSourcesBuildPhase;
			buildActionMask = 2147483647;
			files = (
				C78E2E6229DCDC3500E21862 /* CardsToLearnUITestsLaunchTests.swift in Sources */,
				C78E2E6029DCDC3500E21862 /* CardsToLearnUITests.swift in Sources */,
			);
			runOnlyForDeploymentPostprocessing = 0;
		};
/* End PBXSourcesBuildPhase section */

/* Begin PBXTargetDependency section */
		C78E2E5329DCDC3500E21862 /* PBXTargetDependency */ = {
			isa = PBXTargetDependency;
			target = C78E2E4029DCDC3300E21862 /* CardsToLearn */;
			targetProxy = C78E2E5229DCDC3500E21862 /* PBXContainerItemProxy */;
		};
		C78E2E5D29DCDC3500E21862 /* PBXTargetDependency */ = {
			isa = PBXTargetDependency;
			target = C78E2E4029DCDC3300E21862 /* CardsToLearn */;
			targetProxy = C78E2E5C29DCDC3500E21862 /* PBXContainerItemProxy */;
		};
/* End PBXTargetDependency section */

/* Begin XCBuildConfiguration section */
		C78E2E6329DCDC3500E21862 /* Debug */ = {
			isa = XCBuildConfiguration;
			buildSettings = {
				ALWAYS_SEARCH_USER_PATHS = NO;
				CLANG_ANALYZER_NONNULL = YES;
				CLANG_ANALYZER_NUMBER_OBJECT_CONVERSION = YES_AGGRESSIVE;
				CLANG_CXX_LANGUAGE_STANDARD = "gnu++20";
				CLANG_ENABLE_MODULES = YES;
				CLANG_ENABLE_OBJC_ARC = YES;
				CLANG_ENABLE_OBJC_WEAK = YES;
				CLANG_WARN_BLOCK_CAPTURE_AUTORELEASING = YES;
				CLANG_WARN_BOOL_CONVERSION = YES;
				CLANG_WARN_COMMA = YES;
				CLANG_WARN_CONSTANT_CONVERSION = YES;
				CLANG_WARN_DEPRECATED_OBJC_IMPLEMENTATIONS = YES;
				CLANG_WARN_DIRECT_OBJC_ISA_USAGE = YES_ERROR;
				CLANG_WARN_DOCUMENTATION_COMMENTS = YES;
				CLANG_WARN_EMPTY_BODY = YES;
				CLANG_WARN_ENUM_CONVERSION = YES;
				CLANG_WARN_INFINITE_RECURSION = YES;
				CLANG_WARN_INT_CONVERSION = YES;
				CLANG_WARN_NON_LITERAL_NULL_CONVERSION = YES;
				CLANG_WARN_OBJC_IMPLICIT_RETAIN_SELF = YES;
				CLANG_WARN_OBJC_LITERAL_CONVERSION = YES;
				CLANG_WARN_OBJC_ROOT_CLASS = YES_ERROR;
				CLANG_WARN_QUOTED_INCLUDE_IN_FRAMEWORK_HEADER = YES;
				CLANG_WARN_RANGE_LOOP_ANALYSIS = YES;
				CLANG_WARN_STRICT_PROTOTYPES = YES;
				CLANG_WARN_SUSPICIOUS_MOVE = YES;
				CLANG_WARN_UNGUARDED_AVAILABILITY = YES_AGGRESSIVE;
				CLANG_WARN_UNREACHABLE_CODE = YES;
				CLANG_WARN__DUPLICATE_METHOD_MATCH = YES;
				COPY_PHASE_STRIP = NO;
				DEBUG_INFORMATION_FORMAT = dwarf;
				ENABLE_STRICT_OBJC_MSGSEND = YES;
				ENABLE_TESTABILITY = YES;
				GCC_C_LANGUAGE_STANDARD = gnu11;
				GCC_DYNAMIC_NO_PIC = NO;
				GCC_NO_COMMON_BLOCKS = YES;
				GCC_OPTIMIZATION_LEVEL = 0;
				GCC_PREPROCESSOR_DEFINITIONS = (
					"DEBUG=1",
					"$(inherited)",
				);
				GCC_WARN_64_TO_32_BIT_CONVERSION = YES;
				GCC_WARN_ABOUT_RETURN_TYPE = YES_ERROR;
				GCC_WARN_UNDECLARED_SELECTOR = YES;
				GCC_WARN_UNINITIALIZED_AUTOS = YES_AGGRESSIVE;
				GCC_WARN_UNUSED_FUNCTION = YES;
				GCC_WARN_UNUSED_VARIABLE = YES;
				IPHONEOS_DEPLOYMENT_TARGET = 16.4;
				MTL_ENABLE_DEBUG_INFO = INCLUDE_SOURCE;
				MTL_FAST_MATH = YES;
				ONLY_ACTIVE_ARCH = YES;
				SDKROOT = iphoneos;
				SWIFT_ACTIVE_COMPILATION_CONDITIONS = DEBUG;
				SWIFT_OPTIMIZATION_LEVEL = "-Onone";
			};
			name = Debug;
		};
		C78E2E6429DCDC3500E21862 /* Release */ = {
			isa = XCBuildConfiguration;
			buildSettings = {
				ALWAYS_SEARCH_USER_PATHS = NO;
				CLANG_ANALYZER_NONNULL = YES;
				CLANG_ANALYZER_NUMBER_OBJECT_CONVERSION = YES_AGGRESSIVE;
				CLANG_CXX_LANGUAGE_STANDARD = "gnu++20";
				CLANG_ENABLE_MODULES = YES;
				CLANG_ENABLE_OBJC_ARC = YES;
				CLANG_ENABLE_OBJC_WEAK = YES;
				CLANG_WARN_BLOCK_CAPTURE_AUTORELEASING = YES;
				CLANG_WARN_BOOL_CONVERSION = YES;
				CLANG_WARN_COMMA = YES;
				CLANG_WARN_CONSTANT_CONVERSION = YES;
				CLANG_WARN_DEPRECATED_OBJC_IMPLEMENTATIONS = YES;
				CLANG_WARN_DIRECT_OBJC_ISA_USAGE = YES_ERROR;
				CLANG_WARN_DOCUMENTATION_COMMENTS = YES;
				CLANG_WARN_EMPTY_BODY = YES;
				CLANG_WARN_ENUM_CONVERSION = YES;
				CLANG_WARN_INFINITE_RECURSION = YES;
				CLANG_WARN_INT_CONVERSION = YES;
				CLANG_WARN_NON_LITERAL_NULL_CONVERSION = YES;
				CLANG_WARN_OBJC_IMPLICIT_RETAIN_SELF = YES;
				CLANG_WARN_OBJC_LITERAL_CONVERSION = YES;
				CLANG_WARN_OBJC_ROOT_CLASS = YES_ERROR;
				CLANG_WARN_QUOTED_INCLUDE_IN_FRAMEWORK_HEADER = YES;
				CLANG_WARN_RANGE_LOOP_ANALYSIS = YES;
				CLANG_WARN_STRICT_PROTOTYPES = YES;
				CLANG_WARN_SUSPICIOUS_MOVE = YES;
				CLANG_WARN_UNGUARDED_AVAILABILITY = YES_AGGRESSIVE;
				CLANG_WARN_UNREACHABLE_CODE = YES;
				CLANG_WARN__DUPLICATE_METHOD_MATCH = YES;
				COPY_PHASE_STRIP = NO;
				DEBUG_INFORMATION_FORMAT = "dwarf-with-dsym";
				ENABLE_NS_ASSERTIONS = NO;
				ENABLE_STRICT_OBJC_MSGSEND = YES;
				GCC_C_LANGUAGE_STANDARD = gnu11;
				GCC_NO_COMMON_BLOCKS = YES;
				GCC_WARN_64_TO_32_BIT_CONVERSION = YES;
				GCC_WARN_ABOUT_RETURN_TYPE = YES_ERROR;
				GCC_WARN_UNDECLARED_SELECTOR = YES;
				GCC_WARN_UNINITIALIZED_AUTOS = YES_AGGRESSIVE;
				GCC_WARN_UNUSED_FUNCTION = YES;
				GCC_WARN_UNUSED_VARIABLE = YES;
				IPHONEOS_DEPLOYMENT_TARGET = 16.4;
				MTL_ENABLE_DEBUG_INFO = NO;
				MTL_FAST_MATH = YES;
				SDKROOT = iphoneos;
				SWIFT_COMPILATION_MODE = wholemodule;
				SWIFT_OPTIMIZATION_LEVEL = "-O";
				VALIDATE_PRODUCT = YES;
			};
			name = Release;
		};
		C78E2E6629DCDC3500E21862 /* Debug */ = {
			isa = XCBuildConfiguration;
			buildSettings = {
				ASSETCATALOG_COMPILER_APPICON_NAME = AppIcon;
				ASSETCATALOG_COMPILER_GLOBAL_ACCENT_COLOR_NAME = AccentColor;
				CODE_SIGN_STYLE = Automatic;
				CURRENT_PROJECT_VERSION = 1;
				DEVELOPMENT_ASSET_PATHS = "\"CardsToLearn/Preview Content\"";
				DEVELOPMENT_TEAM = 9PLYXR65LU;
				ENABLE_PREVIEWS = YES;
				GENERATE_INFOPLIST_FILE = YES;
				INFOPLIST_KEY_UIApplicationSceneManifest_Generation = YES;
				INFOPLIST_KEY_UIApplicationSupportsIndirectInputEvents = YES;
				INFOPLIST_KEY_UILaunchScreen_Generation = YES;
				INFOPLIST_KEY_UISupportedInterfaceOrientations_iPad = "UIInterfaceOrientationPortrait UIInterfaceOrientationPortraitUpsideDown UIInterfaceOrientationLandscapeLeft UIInterfaceOrientationLandscapeRight";
				INFOPLIST_KEY_UISupportedInterfaceOrientations_iPhone = "UIInterfaceOrientationPortrait UIInterfaceOrientationLandscapeLeft UIInterfaceOrientationLandscapeRight";
				LD_RUNPATH_SEARCH_PATHS = (
					"$(inherited)",
					"@executable_path/Frameworks",
				);
				MARKETING_VERSION = 1.0;
				PRODUCT_BUNDLE_IDENTIFIER = learning12.CardsToLearn;
				PRODUCT_NAME = "$(TARGET_NAME)";
				SWIFT_EMIT_LOC_STRINGS = YES;
				SWIFT_VERSION = 5.0;
				TARGETED_DEVICE_FAMILY = "1,2";
			};
			name = Debug;
		};
		C78E2E6729DCDC3500E21862 /* Release */ = {
			isa = XCBuildConfiguration;
			buildSettings = {
				ASSETCATALOG_COMPILER_APPICON_NAME = AppIcon;
				ASSETCATALOG_COMPILER_GLOBAL_ACCENT_COLOR_NAME = AccentColor;
				CODE_SIGN_STYLE = Automatic;
				CURRENT_PROJECT_VERSION = 1;
				DEVELOPMENT_ASSET_PATHS = "\"CardsToLearn/Preview Content\"";
				DEVELOPMENT_TEAM = 9PLYXR65LU;
				ENABLE_PREVIEWS = YES;
				GENERATE_INFOPLIST_FILE = YES;
				INFOPLIST_KEY_UIApplicationSceneManifest_Generation = YES;
				INFOPLIST_KEY_UIApplicationSupportsIndirectInputEvents = YES;
				INFOPLIST_KEY_UILaunchScreen_Generation = YES;
				INFOPLIST_KEY_UISupportedInterfaceOrientations_iPad = "UIInterfaceOrientationPortrait UIInterfaceOrientationPortraitUpsideDown UIInterfaceOrientationLandscapeLeft UIInterfaceOrientationLandscapeRight";
				INFOPLIST_KEY_UISupportedInterfaceOrientations_iPhone = "UIInterfaceOrientationPortrait UIInterfaceOrientationLandscapeLeft UIInterfaceOrientationLandscapeRight";
				LD_RUNPATH_SEARCH_PATHS = (
					"$(inherited)",
					"@executable_path/Frameworks",
				);
				MARKETING_VERSION = 1.0;
				PRODUCT_BUNDLE_IDENTIFIER = learning12.CardsToLearn;
				PRODUCT_NAME = "$(TARGET_NAME)";
				SWIFT_EMIT_LOC_STRINGS = YES;
				SWIFT_VERSION = 5.0;
				TARGETED_DEVICE_FAMILY = "1,2";
			};
			name = Release;
		};
		C78E2E6929DCDC3500E21862 /* Debug */ = {
			isa = XCBuildConfiguration;
			buildSettings = {
				ALWAYS_EMBED_SWIFT_STANDARD_LIBRARIES = YES;
				BUNDLE_LOADER = "$(TEST_HOST)";
				CODE_SIGN_STYLE = Automatic;
				CURRENT_PROJECT_VERSION = 1;
				DEVELOPMENT_TEAM = 9PLYXR65LU;
				GENERATE_INFOPLIST_FILE = YES;
				IPHONEOS_DEPLOYMENT_TARGET = 16.4;
				MARKETING_VERSION = 1.0;
				PRODUCT_BUNDLE_IDENTIFIER = learning12.CardsToLearnTests;
				PRODUCT_NAME = "$(TARGET_NAME)";
				SWIFT_EMIT_LOC_STRINGS = NO;
				SWIFT_VERSION = 5.0;
				TARGETED_DEVICE_FAMILY = "1,2";
				TEST_HOST = "$(BUILT_PRODUCTS_DIR)/CardsToLearn.app/$(BUNDLE_EXECUTABLE_FOLDER_PATH)/CardsToLearn";
			};
			name = Debug;
		};
		C78E2E6A29DCDC3500E21862 /* Release */ = {
			isa = XCBuildConfiguration;
			buildSettings = {
				ALWAYS_EMBED_SWIFT_STANDARD_LIBRARIES = YES;
				BUNDLE_LOADER = "$(TEST_HOST)";
				CODE_SIGN_STYLE = Automatic;
				CURRENT_PROJECT_VERSION = 1;
				DEVELOPMENT_TEAM = 9PLYXR65LU;
				GENERATE_INFOPLIST_FILE = YES;
				IPHONEOS_DEPLOYMENT_TARGET = 16.4;
				MARKETING_VERSION = 1.0;
				PRODUCT_BUNDLE_IDENTIFIER = learning12.CardsToLearnTests;
				PRODUCT_NAME = "$(TARGET_NAME)";
				SWIFT_EMIT_LOC_STRINGS = NO;
				SWIFT_VERSION = 5.0;
				TARGETED_DEVICE_FAMILY = "1,2";
				TEST_HOST = "$(BUILT_PRODUCTS_DIR)/CardsToLearn.app/$(BUNDLE_EXECUTABLE_FOLDER_PATH)/CardsToLearn";
			};
			name = Release;
		};
		C78E2E6C29DCDC3500E21862 /* Debug */ = {
			isa = XCBuildConfiguration;
			buildSettings = {
				ALWAYS_EMBED_SWIFT_STANDARD_LIBRARIES = YES;
				CODE_SIGN_STYLE = Automatic;
				CURRENT_PROJECT_VERSION = 1;
				DEVELOPMENT_TEAM = 9PLYXR65LU;
				GENERATE_INFOPLIST_FILE = YES;
				MARKETING_VERSION = 1.0;
				PRODUCT_BUNDLE_IDENTIFIER = learning12.CardsToLearnUITests;
				PRODUCT_NAME = "$(TARGET_NAME)";
				SWIFT_EMIT_LOC_STRINGS = NO;
				SWIFT_VERSION = 5.0;
				TARGETED_DEVICE_FAMILY = "1,2";
				TEST_TARGET_NAME = CardsToLearn;
			};
			name = Debug;
		};
		C78E2E6D29DCDC3500E21862 /* Release */ = {
			isa = XCBuildConfiguration;
			buildSettings = {
				ALWAYS_EMBED_SWIFT_STANDARD_LIBRARIES = YES;
				CODE_SIGN_STYLE = Automatic;
				CURRENT_PROJECT_VERSION = 1;
				DEVELOPMENT_TEAM = 9PLYXR65LU;
				GENERATE_INFOPLIST_FILE = YES;
				MARKETING_VERSION = 1.0;
				PRODUCT_BUNDLE_IDENTIFIER = learning12.CardsToLearnUITests;
				PRODUCT_NAME = "$(TARGET_NAME)";
				SWIFT_EMIT_LOC_STRINGS = NO;
				SWIFT_VERSION = 5.0;
				TARGETED_DEVICE_FAMILY = "1,2";
				TEST_TARGET_NAME = CardsToLearn;
			};
			name = Release;
		};
/* End XCBuildConfiguration section */

/* Begin XCConfigurationList section */
		C78E2E3C29DCDC3300E21862 /* Build configuration list for PBXProject "CardsToLearn" */ = {
			isa = XCConfigurationList;
			buildConfigurations = (
				C78E2E6329DCDC3500E21862 /* Debug */,
				C78E2E6429DCDC3500E21862 /* Release */,
			);
			defaultConfigurationIsVisible = 0;
			defaultConfigurationName = Release;
		};
		C78E2E6529DCDC3500E21862 /* Build configuration list for PBXNativeTarget "CardsToLearn" */ = {
			isa = XCConfigurationList;
			buildConfigurations = (
				C78E2E6629DCDC3500E21862 /* Debug */,
				C78E2E6729DCDC3500E21862 /* Release */,
			);
			defaultConfigurationIsVisible = 0;
			defaultConfigurationName = Release;
		};
		C78E2E6829DCDC3500E21862 /* Build configuration list for PBXNativeTarget "CardsToLearnTests" */ = {
			isa = XCConfigurationList;
			buildConfigurations = (
				C78E2E6929DCDC3500E21862 /* Debug */,
				C78E2E6A29DCDC3500E21862 /* Release */,
			);
			defaultConfigurationIsVisible = 0;
			defaultConfigurationName = Release;
		};
		C78E2E6B29DCDC3500E21862 /* Build configuration list for PBXNativeTarget "CardsToLearnUITests" */ = {
			isa = XCConfigurationList;
			buildConfigurations = (
				C78E2E6C29DCDC3500E21862 /* Debug */,
				C78E2E6D29DCDC3500E21862 /* Release */,
			);
			defaultConfigurationIsVisible = 0;
			defaultConfigurationName = Release;
		};
/* End XCConfigurationList section */

/* Begin XCRemoteSwiftPackageReference section */
		C74B4CFD2A024584004B17E8 /* XCRemoteSwiftPackageReference "firebase-ios-sdk" */ = {
			isa = XCRemoteSwiftPackageReference;
			repositoryURL = "https://github.com/firebase/firebase-ios-sdk";
			requirement = {
				kind = upToNextMajorVersion;
				minimumVersion = 10.0.0;
			};
		};
/* End XCRemoteSwiftPackageReference section */

/* Begin XCSwiftPackageProductDependency section */
		C74B4CFE2A024584004B17E8 /* FirebaseAuth */ = {
			isa = XCSwiftPackageProductDependency;
			package = C74B4CFD2A024584004B17E8 /* XCRemoteSwiftPackageReference "firebase-ios-sdk" */;
			productName = FirebaseAuth;
		};
		C74B4D002A024584004B17E8 /* FirebaseDatabase */ = {
			isa = XCSwiftPackageProductDependency;
			package = C74B4CFD2A024584004B17E8 /* XCRemoteSwiftPackageReference "firebase-ios-sdk" */;
			productName = FirebaseDatabase;
		};
		C74B4D022A024584004B17E8 /* FirebaseFirestore */ = {
			isa = XCSwiftPackageProductDependency;
			package = C74B4CFD2A024584004B17E8 /* XCRemoteSwiftPackageReference "firebase-ios-sdk" */;
			productName = FirebaseFirestore;
		};
		C74B4D042A024584004B17E8 /* FirebaseStorage */ = {
			isa = XCSwiftPackageProductDependency;
			package = C74B4CFD2A024584004B17E8 /* XCRemoteSwiftPackageReference "firebase-ios-sdk" */;
			productName = FirebaseStorage;
		};
/* End XCSwiftPackageProductDependency section */

/* Begin XCVersionGroup section */
		C74B4CF82A010AB8004B17E8 /* ModelQuiz.xcdatamodeld */ = {
			isa = XCVersionGroup;
			children = (
				C74B4CF92A010AB8004B17E8 /* ModelQuiz.xcdatamodel */,
			);
			currentVersion = C74B4CF92A010AB8004B17E8 /* ModelQuiz.xcdatamodel */;
			path = ModelQuiz.xcdatamodeld;
			sourceTree = "<group>";
			versionGroupType = wrapper.xcdatamodel;
		};
		C78E2E6E29DCDC8600E21862 /* FlashCard.xcdatamodeld */ = {
			isa = XCVersionGroup;
			children = (
				C78E2E6F29DCDC8600E21862 /* FlashCard.xcdatamodel */,
			);
			currentVersion = C78E2E6F29DCDC8600E21862 /* FlashCard.xcdatamodel */;
			path = FlashCard.xcdatamodeld;
			sourceTree = "<group>";
			versionGroupType = wrapper.xcdatamodel;
		};
		C78E2F3729FBAEC600E21862 /* Register.xcdatamodeld */ = {
			isa = XCVersionGroup;
			children = (
				C78E2F3829FBAEC600E21862 /* Register.xcdatamodel */,
			);
			currentVersion = C78E2F3829FBAEC600E21862 /* Register.xcdatamodel */;
			path = Register.xcdatamodeld;
			sourceTree = "<group>";
			versionGroupType = wrapper.xcdatamodel;
		};
/* End XCVersionGroup section */
	};
	rootObject = C78E2E3929DCDC3300E21862 /* Project object */;
}
